
Microsoft Visual Studio Solution File, Format Version 12.00
# Visual Studio Version 16
VisualStudioVersion = 16.0.32126.315
MinimumVisualStudioVersion = 10.0.40219.1
Project("{FAE04EC0-301F-11D3-BF4B-00C04F79EFBC}") = "vista", "vista.csproj", "{5AD6C9BC-42B1-41F8-9D75-7DECD55B6DC9}"
EndProject
Project("{FAE04EC0-301F-11D3-BF4B-00C04F79EFBC}") = "Modelo", "Modelo\Modelo.csproj", "{36011249-4C7D-4EFB-9F57-7506CFE3EABF}"
EndProject
Project("{FAE04EC0-301F-11D3-BF4B-00C04F79EFBC}") = "Controladora", "Controladora\Controladora.csproj", "{04A10724-893F-4347-89EA-AE15AFA8746E}"
EndProject
Global
	GlobalSection(SolutionConfigurationPlatforms) = preSolution
		Debug|Any CPU = Debug|Any CPU
		Release|Any CPU = Release|Any CPU
	EndGlobalSection
	GlobalSection(ProjectConfigurationPlatforms) = postSolution
		{5AD6C9BC-42B1-41F8-9D75-7DECD55B6DC9}.Debug|Any CPU.ActiveCfg = Debug|Any CPU
		{5AD6C9BC-42B1-41F8-9D75-7DECD55B6DC9}.Debug|Any CPU.Build.0 = Debug|Any CPU
		{5AD6C9BC-42B1-41F8-9D75-7DECD55B6DC9}.Release|Any CPU.ActiveCfg = Release|Any CPU
		{5AD6C9BC-42B1-41F8-9D75-7DECD55B6DC9}.Release|Any CPU.Build.0 = Release|Any CPU
		{36011249-4C7D-4EFB-9F57-7506CFE3EABF}.Debug|Any CPU.ActiveCfg = Debug|Any CPU
		{36011249-4C7D-4EFB-9F57-7506CFE3EABF}.Debug|Any CPU.Build.0 = Debug|Any CPU
		{36011249-4C7D-4EFB-9F57-7506CFE3EABF}.Release|Any CPU.ActiveCfg = Release|Any CPU
		{36011249-4C7D-4EFB-9F57-7506CFE3EABF}.Release|Any CPU.Build.0 = Release|Any CPU
		{04A10724-893F-4347-89EA-AE15AFA8746E}.Debug|Any CPU.ActiveCfg = Debug|Any CPU
		{04A10724-893F-4347-89EA-AE15AFA8746E}.Debug|Any CPU.Build.0 = Debug|Any CPU
		{04A10724-893F-4347-89EA-AE15AFA8746E}.Release|Any CPU.ActiveCfg = Release|Any CPU
		{04A10724-893F-4347-89EA-AE15AFA8746E}.Release|Any CPU.Build.0 = Release|Any CPU
	EndGlobalSection
	GlobalSection(SolutionProperties) = preSolution
		HideSolutionNode = FALSE
	EndGlobalSection
	GlobalSection(ExtensibilityGlobals) = postSolution
		SolutionGuid = {B2664C0F-AFF0-43D8-9B48-2211364ACDA9}
	EndGlobalSection
EndGlobal
